
Microsoft Visual Studio Solution File, Format Version 12.00
# Visual Studio Version 17
VisualStudioVersion = 17.9.34701.34
MinimumVisualStudioVersion = 10.0.40219.1
Project("{FAE04EC0-301F-11D3-BF4B-00C04F79EFBC}") = "GUII", "GUII\GUII.csproj", "{70648E3C-3131-434B-9EB5-E9B1E1B7CD00}"
EndProject
Project("{FAE04EC0-301F-11D3-BF4B-00C04F79EFBC}") = "BLL", "BLL\BLL.csproj", "{8326F619-8D7E-40F4-95B7-2907F47E4CF4}"
EndProject
Project("{FAE04EC0-301F-11D3-BF4B-00C04F79EFBC}") = "DAL", "DAL\DAL.csproj", "{2C568DC9-10E0-48C1-BBCA-00C5ACB0381D}"
EndProject
Project("{FAE04EC0-301F-11D3-BF4B-00C04F79EFBC}") = "DTO", "DTO\DTO.csproj", "{C26BF36B-96B9-4DE8-BFF0-79E5D90FD6EF}"
EndProject
Global
	GlobalSection(SolutionConfigurationPlatforms) = preSolution
		Debug|Any CPU = Debug|Any CPU
		Release|Any CPU = Release|Any CPU
	EndGlobalSection
	GlobalSection(ProjectConfigurationPlatforms) = postSolution
		{70648E3C-3131-434B-9EB5-E9B1E1B7CD00}.Debug|Any CPU.ActiveCfg = Debug|Any CPU
		{70648E3C-3131-434B-9EB5-E9B1E1B7CD00}.Debug|Any CPU.Build.0 = Debug|Any CPU
		{70648E3C-3131-434B-9EB5-E9B1E1B7CD00}.Release|Any CPU.ActiveCfg = Release|Any CPU
		{70648E3C-3131-434B-9EB5-E9B1E1B7CD00}.Release|Any CPU.Build.0 = Release|Any CPU
		{8326F619-8D7E-40F4-95B7-2907F47E4CF4}.Debug|Any CPU.ActiveCfg = Debug|Any CPU
		{8326F619-8D7E-40F4-95B7-2907F47E4CF4}.Debug|Any CPU.Build.0 = Debug|Any CPU
		{8326F619-8D7E-40F4-95B7-2907F47E4CF4}.Release|Any CPU.ActiveCfg = Release|Any CPU
		{8326F619-8D7E-40F4-95B7-2907F47E4CF4}.Release|Any CPU.Build.0 = Release|Any CPU
		{2C568DC9-10E0-48C1-BBCA-00C5ACB0381D}.Debug|Any CPU.ActiveCfg = Debug|Any CPU
		{2C568DC9-10E0-48C1-BBCA-00C5ACB0381D}.Debug|Any CPU.Build.0 = Debug|Any CPU
		{2C568DC9-10E0-48C1-BBCA-00C5ACB0381D}.Release|Any CPU.ActiveCfg = Release|Any CPU
		{2C568DC9-10E0-48C1-BBCA-00C5ACB0381D}.Release|Any CPU.Build.0 = Release|Any CPU
		{C26BF36B-96B9-4DE8-BFF0-79E5D90FD6EF}.Debug|Any CPU.ActiveCfg = Debug|Any CPU
		{C26BF36B-96B9-4DE8-BFF0-79E5D90FD6EF}.Debug|Any CPU.Build.0 = Debug|Any CPU
		{C26BF36B-96B9-4DE8-BFF0-79E5D90FD6EF}.Release|Any CPU.ActiveCfg = Release|Any CPU
		{C26BF36B-96B9-4DE8-BFF0-79E5D90FD6EF}.Release|Any CPU.Build.0 = Release|Any CPU
	EndGlobalSection
	GlobalSection(SolutionProperties) = preSolution
		HideSolutionNode = FALSE
	EndGlobalSection
	GlobalSection(ExtensibilityGlobals) = postSolution
		SolutionGuid = {83FA9F52-CF91-44BA-9720-FF54DCC6D65A}
	EndGlobalSection
EndGlobal
